// !$*UTF8*$!
{
	archiveVersion = 1;
	classes = {
	};
	objectVersion = 50;
	objects = {

/* Begin PBXBuildFile section */
		A75345BB2679119A0039D20B /* AppDelegate.swift in Sources */ = {isa = PBXBuildFile; fileRef = A75345BA2679119A0039D20B /* AppDelegate.swift */; };
		A75345BD2679119A0039D20B /* SceneDelegate.swift in Sources */ = {isa = PBXBuildFile; fileRef = A75345BC2679119A0039D20B /* SceneDelegate.swift */; };
		A75345BF2679119A0039D20B /* MainTableViewController.swift in Sources */ = {isa = PBXBuildFile; fileRef = A75345BE2679119A0039D20B /* MainTableViewController.swift */; };
		A75345C22679119A0039D20B /* Main.storyboard in Resources */ = {isa = PBXBuildFile; fileRef = A75345C02679119A0039D20B /* Main.storyboard */; };
		A75345C42679119C0039D20B /* Assets.xcassets in Resources */ = {isa = PBXBuildFile; fileRef = A75345C32679119C0039D20B /* Assets.xcassets */; };
		A75345C72679119C0039D20B /* LaunchScreen.storyboard in Resources */ = {isa = PBXBuildFile; fileRef = A75345C52679119C0039D20B /* LaunchScreen.storyboard */; };
		A75345CF26791D6D0039D20B /* DetailViewController.swift in Sources */ = {isa = PBXBuildFile; fileRef = A75345CE26791D6D0039D20B /* DetailViewController.swift */; };
		A75345D3267A47330039D20B /* TipografeiTema.swift in Sources */ = {isa = PBXBuildFile; fileRef = A75345D2267A47330039D20B /* TipografeiTema.swift */; };
		BA11BA92268A6A2B004499CA /* FirstFormViewController.swift in Sources */ = {isa = PBXBuildFile; fileRef = BA11BA91268A6A2B004499CA /* FirstFormViewController.swift */; };
		BA11BA94268A6A3E004499CA /* SecondFormViewController.swift in Sources */ = {isa = PBXBuildFile; fileRef = BA11BA93268A6A3E004499CA /* SecondFormViewController.swift */; };
		BA11BA96268A6C13004499CA /* ResultFormView.storyboard in Resources */ = {isa = PBXBuildFile; fileRef = BA11BA95268A6C13004499CA /* ResultFormView.storyboard */; };
		BA11BA98268A6C29004499CA /* ResultFormViewController.swift in Sources */ = {isa = PBXBuildFile; fileRef = BA11BA97268A6C29004499CA /* ResultFormViewController.swift */; };
		BA23EE3C2685170B00CD4CF3 /* TypeConcept.swift in Sources */ = {isa = PBXBuildFile; fileRef = BA23EE3B2685170B00CD4CF3 /* TypeConcept.swift */; };
		BA568534268799E3002B4A63 /* FormDataSingleton.swift in Sources */ = {isa = PBXBuildFile; fileRef = BA568533268799E3002B4A63 /* FormDataSingleton.swift */; };
		BA56853626879DDE002B4A63 /* FontFamily.swift in Sources */ = {isa = PBXBuildFile; fileRef = BA56853526879DDE002B4A63 /* FontFamily.swift */; };
		BA5685392687AE56002B4A63 /* FontsDatabase.swift in Sources */ = {isa = PBXBuildFile; fileRef = BA5685382687AE56002B4A63 /* FontsDatabase.swift */; };
		BABBD9BA2683D0B100F07922 /* FontInfo.swift in Sources */ = {isa = PBXBuildFile; fileRef = BABBD9B92683D0B100F07922 /* FontInfo.swift */; };
		BAD8586D268640DB009A29AA /* FormModal.storyboard in Resources */ = {isa = PBXBuildFile; fileRef = BAD8586C268640DB009A29AA /* FormModal.storyboard */; };
		BAD8586F268661A4009A29AA /* FormModalViewController.swift in Sources */ = {isa = PBXBuildFile; fileRef = BAD8586E268661A4009A29AA /* FormModalViewController.swift */; };
		BAD858712686691A009A29AA /* FirstFormView.storyboard in Resources */ = {isa = PBXBuildFile; fileRef = BAD858702686691A009A29AA /* FirstFormView.storyboard */; };
		BAD8587326866951009A29AA /* SecondFormView.storyboard in Resources */ = {isa = PBXBuildFile; fileRef = BAD8587226866951009A29AA /* SecondFormView.storyboard */; };
		BAF959D7268514D1004B0064 /* DetailView.storyboard in Resources */ = {isa = PBXBuildFile; fileRef = BAF959D5268514D1004B0064 /* DetailView.storyboard */; };
		BAF959D9268514ED004B0064 /* MainTableView.storyboard in Resources */ = {isa = PBXBuildFile; fileRef = BAF959D8268514ED004B0064 /* MainTableView.storyboard */; };
/* End PBXBuildFile section */

/* Begin PBXFileReference section */
		A75345B72679119A0039D20B /* tipoGrafei.app */ = {isa = PBXFileReference; explicitFileType = wrapper.application; includeInIndex = 0; path = tipoGrafei.app; sourceTree = BUILT_PRODUCTS_DIR; };
		A75345BA2679119A0039D20B /* AppDelegate.swift */ = {isa = PBXFileReference; lastKnownFileType = sourcecode.swift; path = AppDelegate.swift; sourceTree = "<group>"; };
		A75345BC2679119A0039D20B /* SceneDelegate.swift */ = {isa = PBXFileReference; lastKnownFileType = sourcecode.swift; path = SceneDelegate.swift; sourceTree = "<group>"; };
		A75345BE2679119A0039D20B /* MainTableViewController.swift */ = {isa = PBXFileReference; lastKnownFileType = sourcecode.swift; path = MainTableViewController.swift; sourceTree = "<group>"; };
		A75345C12679119A0039D20B /* Base */ = {isa = PBXFileReference; lastKnownFileType = file.storyboard; name = Base; path = Base.lproj/Main.storyboard; sourceTree = "<group>"; };
		A75345C32679119C0039D20B /* Assets.xcassets */ = {isa = PBXFileReference; lastKnownFileType = folder.assetcatalog; path = Assets.xcassets; sourceTree = "<group>"; };
		A75345C62679119C0039D20B /* Base */ = {isa = PBXFileReference; lastKnownFileType = file.storyboard; name = Base; path = Base.lproj/LaunchScreen.storyboard; sourceTree = "<group>"; };
		A75345C82679119C0039D20B /* Info.plist */ = {isa = PBXFileReference; lastKnownFileType = text.plist.xml; path = Info.plist; sourceTree = "<group>"; };
		A75345CE26791D6D0039D20B /* DetailViewController.swift */ = {isa = PBXFileReference; lastKnownFileType = sourcecode.swift; path = DetailViewController.swift; sourceTree = "<group>"; };
		A75345D2267A47330039D20B /* TipografeiTema.swift */ = {isa = PBXFileReference; lastKnownFileType = sourcecode.swift; path = TipografeiTema.swift; sourceTree = "<group>"; };
		BA11BA91268A6A2B004499CA /* FirstFormViewController.swift */ = {isa = PBXFileReference; lastKnownFileType = sourcecode.swift; path = FirstFormViewController.swift; sourceTree = "<group>"; };
		BA11BA93268A6A3E004499CA /* SecondFormViewController.swift */ = {isa = PBXFileReference; lastKnownFileType = sourcecode.swift; path = SecondFormViewController.swift; sourceTree = "<group>"; };
		BA11BA95268A6C13004499CA /* ResultFormView.storyboard */ = {isa = PBXFileReference; lastKnownFileType = file.storyboard; path = ResultFormView.storyboard; sourceTree = "<group>"; };
		BA11BA97268A6C29004499CA /* ResultFormViewController.swift */ = {isa = PBXFileReference; lastKnownFileType = sourcecode.swift; path = ResultFormViewController.swift; sourceTree = "<group>"; };
		BA23EE3B2685170B00CD4CF3 /* TypeConcept.swift */ = {isa = PBXFileReference; fileEncoding = 4; lastKnownFileType = sourcecode.swift; path = TypeConcept.swift; sourceTree = "<group>"; };
		BA568533268799E3002B4A63 /* FormDataSingleton.swift */ = {isa = PBXFileReference; lastKnownFileType = sourcecode.swift; path = FormDataSingleton.swift; sourceTree = "<group>"; };
		BA56853526879DDE002B4A63 /* FontFamily.swift */ = {isa = PBXFileReference; lastKnownFileType = sourcecode.swift; path = FontFamily.swift; sourceTree = "<group>"; };
		BA5685382687AE56002B4A63 /* FontsDatabase.swift */ = {isa = PBXFileReference; lastKnownFileType = sourcecode.swift; path = FontsDatabase.swift; sourceTree = "<group>"; };
		BABBD9B92683D0B100F07922 /* FontInfo.swift */ = {isa = PBXFileReference; lastKnownFileType = sourcecode.swift; path = FontInfo.swift; sourceTree = "<group>"; };
		BAD8586C268640DB009A29AA /* FormModal.storyboard */ = {isa = PBXFileReference; lastKnownFileType = file.storyboard; path = FormModal.storyboard; sourceTree = "<group>"; };
		BAD8586E268661A4009A29AA /* FormModalViewController.swift */ = {isa = PBXFileReference; lastKnownFileType = sourcecode.swift; path = FormModalViewController.swift; sourceTree = "<group>"; };
		BAD858702686691A009A29AA /* FirstFormView.storyboard */ = {isa = PBXFileReference; lastKnownFileType = file.storyboard; path = FirstFormView.storyboard; sourceTree = "<group>"; };
		BAD8587226866951009A29AA /* SecondFormView.storyboard */ = {isa = PBXFileReference; lastKnownFileType = file.storyboard; path = SecondFormView.storyboard; sourceTree = "<group>"; };
		BAF959D6268514D1004B0064 /* Base */ = {isa = PBXFileReference; lastKnownFileType = file.storyboard; name = Base; path = CaciqueAppZero/Base.lproj/DetailView.storyboard; sourceTree = "<group>"; };
		BAF959D8268514ED004B0064 /* MainTableView.storyboard */ = {isa = PBXFileReference; fileEncoding = 4; lastKnownFileType = file.storyboard; path = MainTableView.storyboard; sourceTree = "<group>"; };
/* End PBXFileReference section */

/* Begin PBXFrameworksBuildPhase section */
		A75345B42679119A0039D20B /* Frameworks */ = {
			isa = PBXFrameworksBuildPhase;
			buildActionMask = 2147483647;
			files = (
			);
			runOnlyForDeploymentPostprocessing = 0;
		};
/* End PBXFrameworksBuildPhase section */

/* Begin PBXGroup section */
		A75345AE2679119A0039D20B = {
			isa = PBXGroup;
			children = (
				A75345B92679119A0039D20B /* CaciqueAppZero */,
				A75345B82679119A0039D20B /* Products */,
			);
			sourceTree = "<group>";
		};
		A75345B82679119A0039D20B /* Products */ = {
			isa = PBXGroup;
			children = (
				A75345B72679119A0039D20B /* tipoGrafei.app */,
			);
			name = Products;
			sourceTree = "<group>";
		};
		A75345B92679119A0039D20B /* CaciqueAppZero */ = {
			isa = PBXGroup;
			children = (
				BA5685372687AE32002B4A63 /* Data */,
				BABBD9B82683D06E00F07922 /* Models */,
				BABBD9C52683D39A00F07922 /* LaunchScreen */,
				BABBD9BB2683D0C600F07922 /* MainTableScreen */,
				BABBD9BE2683D13100F07922 /* DetailScreen */,
				A75345C02679119A0039D20B /* Main.storyboard */,
				A75345C32679119C0039D20B /* Assets.xcassets */,
				A75345BA2679119A0039D20B /* AppDelegate.swift */,
				A75345D2267A47330039D20B /* TipografeiTema.swift */,
				A75345C82679119C0039D20B /* Info.plist */,
				A75345BC2679119A0039D20B /* SceneDelegate.swift */,
			);
			path = CaciqueAppZero;
			sourceTree = "<group>";
		};
		BA5685372687AE32002B4A63 /* Data */ = {
			isa = PBXGroup;
			children = (
				BA5685382687AE56002B4A63 /* FontsDatabase.swift */,
			);
			path = Data;
			sourceTree = "<group>";
		};
		BABBD9B82683D06E00F07922 /* Models */ = {
			isa = PBXGroup;
			children = (
				BA56853526879DDE002B4A63 /* FontFamily.swift */,
				BABBD9B92683D0B100F07922 /* FontInfo.swift */,
			);
			path = Models;
			sourceTree = "<group>";
		};
		BABBD9BB2683D0C600F07922 /* MainTableScreen */ = {
			isa = PBXGroup;
			children = (
				BABBD9C72683D47200F07922 /* Models */,
				BABBD9C12683D26600F07922 /* ViewControllers */,
				BABBD9C22683D26E00F07922 /* Views */,
			);
			path = MainTableScreen;
			sourceTree = "<group>";
		};
		BABBD9BE2683D13100F07922 /* DetailScreen */ = {
			isa = PBXGroup;
			children = (
				BABBD9C32683D27700F07922 /* ViewControllers */,
				BABBD9C42683D28100F07922 /* Views */,
			);
			path = DetailScreen;
			sourceTree = "<group>";
		};
		BABBD9C12683D26600F07922 /* ViewControllers */ = {
			isa = PBXGroup;
			children = (
				A75345BE2679119A0039D20B /* MainTableViewController.swift */,
				BAD8586E268661A4009A29AA /* FormModalViewController.swift */,
				BA11BA91268A6A2B004499CA /* FirstFormViewController.swift */,
				BA11BA93268A6A3E004499CA /* SecondFormViewController.swift */,
				BA11BA97268A6C29004499CA /* ResultFormViewController.swift */,
			);
			path = ViewControllers;
			sourceTree = "<group>";
		};
		BABBD9C22683D26E00F07922 /* Views */ = {
			isa = PBXGroup;
			children = (
				BAF959D8268514ED004B0064 /* MainTableView.storyboard */,
				BAD8586C268640DB009A29AA /* FormModal.storyboard */,
				BAD858702686691A009A29AA /* FirstFormView.storyboard */,
				BAD8587226866951009A29AA /* SecondFormView.storyboard */,
				BA11BA95268A6C13004499CA /* ResultFormView.storyboard */,
			);
			path = Views;
			sourceTree = "<group>";
		};
		BABBD9C32683D27700F07922 /* ViewControllers */ = {
			isa = PBXGroup;
			children = (
				A75345CE26791D6D0039D20B /* DetailViewController.swift */,
			);
			path = ViewControllers;
			sourceTree = "<group>";
		};
		BABBD9C42683D28100F07922 /* Views */ = {
			isa = PBXGroup;
			children = (
				BAF959D5268514D1004B0064 /* DetailView.storyboard */,
			);
			path = Views;
			sourceTree = "<group>";
		};
		BABBD9C52683D39A00F07922 /* LaunchScreen */ = {
			isa = PBXGroup;
			children = (
				BABBD9C62683D45200F07922 /* Views */,
			);
			path = LaunchScreen;
			sourceTree = "<group>";
		};
		BABBD9C62683D45200F07922 /* Views */ = {
			isa = PBXGroup;
			children = (
				A75345C52679119C0039D20B /* LaunchScreen.storyboard */,
			);
			path = Views;
			sourceTree = "<group>";
		};
		BABBD9C72683D47200F07922 /* Models */ = {
			isa = PBXGroup;
			children = (
				BA23EE3B2685170B00CD4CF3 /* TypeConcept.swift */,
				BA568533268799E3002B4A63 /* FormDataSingleton.swift */,
			);
			path = Models;
			sourceTree = "<group>";
		};
/* End PBXGroup section */

/* Begin PBXNativeTarget section */
		A75345B62679119A0039D20B /* tipoGrafei */ = {
			isa = PBXNativeTarget;
			buildConfigurationList = A75345CB2679119C0039D20B /* Build configuration list for PBXNativeTarget "tipoGrafei" */;
			buildPhases = (
				A75345B32679119A0039D20B /* Sources */,
				A75345B42679119A0039D20B /* Frameworks */,
				A75345B52679119A0039D20B /* Resources */,
			);
			buildRules = (
			);
			dependencies = (
			);
			name = tipoGrafei;
			productName = CaciqueAppZero;
			productReference = A75345B72679119A0039D20B /* tipoGrafei.app */;
			productType = "com.apple.product-type.application";
		};
/* End PBXNativeTarget section */

/* Begin PBXProject section */
		A75345AF2679119A0039D20B /* Project object */ = {
			isa = PBXProject;
			attributes = {
				LastSwiftUpdateCheck = 1250;
				LastUpgradeCheck = 1250;
				TargetAttributes = {
					A75345B62679119A0039D20B = {
						CreatedOnToolsVersion = 12.5;
					};
				};
			};
			buildConfigurationList = A75345B22679119A0039D20B /* Build configuration list for PBXProject "tipoGrafei" */;
			compatibilityVersion = "Xcode 9.3";
			developmentRegion = en;
			hasScannedForEncodings = 0;
			knownRegions = (
				en,
				Base,
			);
			mainGroup = A75345AE2679119A0039D20B;
			productRefGroup = A75345B82679119A0039D20B /* Products */;
			projectDirPath = "";
			projectRoot = "";
			targets = (
				A75345B62679119A0039D20B /* tipoGrafei */,
			);
		};
/* End PBXProject section */

/* Begin PBXResourcesBuildPhase section */
		A75345B52679119A0039D20B /* Resources */ = {
			isa = PBXResourcesBuildPhase;
			buildActionMask = 2147483647;
			files = (
				A75345C72679119C0039D20B /* LaunchScreen.storyboard in Resources */,
				A75345C42679119C0039D20B /* Assets.xcassets in Resources */,
				BAD8586D268640DB009A29AA /* FormModal.storyboard in Resources */,
				BAD8587326866951009A29AA /* SecondFormView.storyboard in Resources */,
				BAF959D7268514D1004B0064 /* DetailView.storyboard in Resources */,
				BAD858712686691A009A29AA /* FirstFormView.storyboard in Resources */,
				BA11BA96268A6C13004499CA /* ResultFormView.storyboard in Resources */,
				A75345C22679119A0039D20B /* Main.storyboard in Resources */,
				BAF959D9268514ED004B0064 /* MainTableView.storyboard in Resources */,
			);
			runOnlyForDeploymentPostprocessing = 0;
		};
/* End PBXResourcesBuildPhase section */

/* Begin PBXSourcesBuildPhase section */
		A75345B32679119A0039D20B /* Sources */ = {
			isa = PBXSourcesBuildPhase;
			buildActionMask = 2147483647;
			files = (
				BAD8586F268661A4009A29AA /* FormModalViewController.swift in Sources */,
				A75345BF2679119A0039D20B /* MainTableViewController.swift in Sources */,
				BA56853626879DDE002B4A63 /* FontFamily.swift in Sources */,
				BA11BA94268A6A3E004499CA /* SecondFormViewController.swift in Sources */,
				BA568534268799E3002B4A63 /* FormDataSingleton.swift in Sources */,
				A75345BB2679119A0039D20B /* AppDelegate.swift in Sources */,
				A75345BD2679119A0039D20B /* SceneDelegate.swift in Sources */,
				BABBD9BA2683D0B100F07922 /* FontInfo.swift in Sources */,
				BA23EE3C2685170B00CD4CF3 /* TypeConcept.swift in Sources */,
				BA11BA98268A6C29004499CA /* ResultFormViewController.swift in Sources */,
				A75345D3267A47330039D20B /* TipografeiTema.swift in Sources */,
				A75345CF26791D6D0039D20B /* DetailViewController.swift in Sources */,
				BA5685392687AE56002B4A63 /* FontsDatabase.swift in Sources */,
				BA11BA92268A6A2B004499CA /* FirstFormViewController.swift in Sources */,
			);
			runOnlyForDeploymentPostprocessing = 0;
		};
/* End PBXSourcesBuildPhase section */

/* Begin PBXVariantGroup section */
		A75345C02679119A0039D20B /* Main.storyboard */ = {
			isa = PBXVariantGroup;
			children = (
				A75345C12679119A0039D20B /* Base */,
			);
			name = Main.storyboard;
			sourceTree = "<group>";
		};
		A75345C52679119C0039D20B /* LaunchScreen.storyboard */ = {
			isa = PBXVariantGroup;
			children = (
				A75345C62679119C0039D20B /* Base */,
			);
			name = LaunchScreen.storyboard;
			sourceTree = "<group>";
		};
		BAF959D5268514D1004B0064 /* DetailView.storyboard */ = {
			isa = PBXVariantGroup;
			children = (
				BAF959D6268514D1004B0064 /* Base */,
			);
			name = DetailView.storyboard;
			sourceTree = "<group>";
		};
/* End PBXVariantGroup section */

/* Begin XCBuildConfiguration section */
		A75345C92679119C0039D20B /* Debug */ = {
			isa = XCBuildConfiguration;
			buildSettings = {
				ALWAYS_SEARCH_USER_PATHS = NO;
				CLANG_ANALYZER_NONNULL = YES;
				CLANG_ANALYZER_NUMBER_OBJECT_CONVERSION = YES_AGGRESSIVE;
				CLANG_CXX_LANGUAGE_STANDARD = "gnu++14";
				CLANG_CXX_LIBRARY = "libc++";
				CLANG_ENABLE_MODULES = YES;
				CLANG_ENABLE_OBJC_ARC = YES;
				CLANG_ENABLE_OBJC_WEAK = YES;
				CLANG_WARN_BLOCK_CAPTURE_AUTORELEASING = YES;
				CLANG_WARN_BOOL_CONVERSION = YES;
				CLANG_WARN_COMMA = YES;
				CLANG_WARN_CONSTANT_CONVERSION = YES;
				CLANG_WARN_DEPRECATED_OBJC_IMPLEMENTATIONS = YES;
				CLANG_WARN_DIRECT_OBJC_ISA_USAGE = YES_ERROR;
				CLANG_WARN_DOCUMENTATION_COMMENTS = YES;
				CLANG_WARN_EMPTY_BODY = YES;
				CLANG_WARN_ENUM_CONVERSION = YES;
				CLANG_WARN_INFINITE_RECURSION = YES;
				CLANG_WARN_INT_CONVERSION = YES;
				CLANG_WARN_NON_LITERAL_NULL_CONVERSION = YES;
				CLANG_WARN_OBJC_IMPLICIT_RETAIN_SELF = YES;
				CLANG_WARN_OBJC_LITERAL_CONVERSION = YES;
				CLANG_WARN_OBJC_ROOT_CLASS = YES_ERROR;
				CLANG_WARN_QUOTED_INCLUDE_IN_FRAMEWORK_HEADER = YES;
				CLANG_WARN_RANGE_LOOP_ANALYSIS = YES;
				CLANG_WARN_STRICT_PROTOTYPES = YES;
				CLANG_WARN_SUSPICIOUS_MOVE = YES;
				CLANG_WARN_UNGUARDED_AVAILABILITY = YES_AGGRESSIVE;
				CLANG_WARN_UNREACHABLE_CODE = YES;
				CLANG_WARN__DUPLICATE_METHOD_MATCH = YES;
				COPY_PHASE_STRIP = NO;
				DEBUG_INFORMATION_FORMAT = dwarf;
				ENABLE_STRICT_OBJC_MSGSEND = YES;
				ENABLE_TESTABILITY = YES;
				GCC_C_LANGUAGE_STANDARD = gnu11;
				GCC_DYNAMIC_NO_PIC = NO;
				GCC_NO_COMMON_BLOCKS = YES;
				GCC_OPTIMIZATION_LEVEL = 0;
				GCC_PREPROCESSOR_DEFINITIONS = (
					"DEBUG=1",
					"$(inherited)",
				);
				GCC_WARN_64_TO_32_BIT_CONVERSION = YES;
				GCC_WARN_ABOUT_RETURN_TYPE = YES_ERROR;
				GCC_WARN_UNDECLARED_SELECTOR = YES;
				GCC_WARN_UNINITIALIZED_AUTOS = YES_AGGRESSIVE;
				GCC_WARN_UNUSED_FUNCTION = YES;
				GCC_WARN_UNUSED_VARIABLE = YES;
				IPHONEOS_DEPLOYMENT_TARGET = 14.5;
				MTL_ENABLE_DEBUG_INFO = INCLUDE_SOURCE;
				MTL_FAST_MATH = YES;
				ONLY_ACTIVE_ARCH = YES;
				SDKROOT = iphoneos;
				SWIFT_ACTIVE_COMPILATION_CONDITIONS = DEBUG;
				SWIFT_OPTIMIZATION_LEVEL = "-Onone";
			};
			name = Debug;
		};
		A75345CA2679119C0039D20B /* Release */ = {
			isa = XCBuildConfiguration;
			buildSettings = {
				ALWAYS_SEARCH_USER_PATHS = NO;
				CLANG_ANALYZER_NONNULL = YES;
				CLANG_ANALYZER_NUMBER_OBJECT_CONVERSION = YES_AGGRESSIVE;
				CLANG_CXX_LANGUAGE_STANDARD = "gnu++14";
				CLANG_CXX_LIBRARY = "libc++";
				CLANG_ENABLE_MODULES = YES;
				CLANG_ENABLE_OBJC_ARC = YES;
				CLANG_ENABLE_OBJC_WEAK = YES;
				CLANG_WARN_BLOCK_CAPTURE_AUTORELEASING = YES;
				CLANG_WARN_BOOL_CONVERSION = YES;
				CLANG_WARN_COMMA = YES;
				CLANG_WARN_CONSTANT_CONVERSION = YES;
				CLANG_WARN_DEPRECATED_OBJC_IMPLEMENTATIONS = YES;
				CLANG_WARN_DIRECT_OBJC_ISA_USAGE = YES_ERROR;
				CLANG_WARN_DOCUMENTATION_COMMENTS = YES;
				CLANG_WARN_EMPTY_BODY = YES;
				CLANG_WARN_ENUM_CONVERSION = YES;
				CLANG_WARN_INFINITE_RECURSION = YES;
				CLANG_WARN_INT_CONVERSION = YES;
				CLANG_WARN_NON_LITERAL_NULL_CONVERSION = YES;
				CLANG_WARN_OBJC_IMPLICIT_RETAIN_SELF = YES;
				CLANG_WARN_OBJC_LITERAL_CONVERSION = YES;
				CLANG_WARN_OBJC_ROOT_CLASS = YES_ERROR;
				CLANG_WARN_QUOTED_INCLUDE_IN_FRAMEWORK_HEADER = YES;
				CLANG_WARN_RANGE_LOOP_ANALYSIS = YES;
				CLANG_WARN_STRICT_PROTOTYPES = YES;
				CLANG_WARN_SUSPICIOUS_MOVE = YES;
				CLANG_WARN_UNGUARDED_AVAILABILITY = YES_AGGRESSIVE;
				CLANG_WARN_UNREACHABLE_CODE = YES;
				CLANG_WARN__DUPLICATE_METHOD_MATCH = YES;
				COPY_PHASE_STRIP = NO;
				DEBUG_INFORMATION_FORMAT = "dwarf-with-dsym";
				ENABLE_NS_ASSERTIONS = NO;
				ENABLE_STRICT_OBJC_MSGSEND = YES;
				GCC_C_LANGUAGE_STANDARD = gnu11;
				GCC_NO_COMMON_BLOCKS = YES;
				GCC_WARN_64_TO_32_BIT_CONVERSION = YES;
				GCC_WARN_ABOUT_RETURN_TYPE = YES_ERROR;
				GCC_WARN_UNDECLARED_SELECTOR = YES;
				GCC_WARN_UNINITIALIZED_AUTOS = YES_AGGRESSIVE;
				GCC_WARN_UNUSED_FUNCTION = YES;
				GCC_WARN_UNUSED_VARIABLE = YES;
				IPHONEOS_DEPLOYMENT_TARGET = 14.5;
				MTL_ENABLE_DEBUG_INFO = NO;
				MTL_FAST_MATH = YES;
				SDKROOT = iphoneos;
				SWIFT_COMPILATION_MODE = wholemodule;
				SWIFT_OPTIMIZATION_LEVEL = "-O";
				VALIDATE_PRODUCT = YES;
			};
			name = Release;
		};
		A75345CC2679119C0039D20B /* Debug */ = {
			isa = XCBuildConfiguration;
			buildSettings = {
				ASSETCATALOG_COMPILER_APPICON_NAME = AppIcon;
				ASSETCATALOG_COMPILER_GLOBAL_ACCENT_COLOR_NAME = AccentColor;
				CODE_SIGN_STYLE = Automatic;
				DEVELOPMENT_TEAM = N96WZRA7LD;
				INFOPLIST_FILE = CaciqueAppZero/Info.plist;
				LD_RUNPATH_SEARCH_PATHS = (
					"$(inherited)",
					"@executable_path/Frameworks",
				);
				MARKETING_VERSION = 0.1;
				PRODUCT_BUNDLE_IDENTIFIER = BR.BM.tipoGrafei;
				PRODUCT_NAME = "$(TARGET_NAME)";
				SWIFT_VERSION = 5.0;
				TARGETED_DEVICE_FAMILY = "1,2";
			};
			name = Debug;
		};
		A75345CD2679119C0039D20B /* Release */ = {
			isa = XCBuildConfiguration;
			buildSettings = {
				ASSETCATALOG_COMPILER_APPICON_NAME = AppIcon;
				ASSETCATALOG_COMPILER_GLOBAL_ACCENT_COLOR_NAME = AccentColor;
				CODE_SIGN_STYLE = Automatic;
				DEVELOPMENT_TEAM = N96WZRA7LD;
				INFOPLIST_FILE = CaciqueAppZero/Info.plist;
				LD_RUNPATH_SEARCH_PATHS = (
					"$(inherited)",
					"@executable_path/Frameworks",
				);
				MARKETING_VERSION = 0.1;
				PRODUCT_BUNDLE_IDENTIFIER = BR.BM.tipoGrafei;
				PRODUCT_NAME = "$(TARGET_NAME)";
				SWIFT_VERSION = 5.0;
				TARGETED_DEVICE_FAMILY = "1,2";
			};
			name = Release;
		};
/* End XCBuildConfiguration section */

/* Begin XCConfigurationList section */
		A75345B22679119A0039D20B /* Build configuration list for PBXProject "tipoGrafei" */ = {
			isa = XCConfigurationList;
			buildConfigurations = (
				A75345C92679119C0039D20B /* Debug */,
				A75345CA2679119C0039D20B /* Release */,
			);
			defaultConfigurationIsVisible = 0;
			defaultConfigurationName = Release;
		};
		A75345CB2679119C0039D20B /* Build configuration list for PBXNativeTarget "tipoGrafei" */ = {
			isa = XCConfigurationList;
			buildConfigurations = (
				A75345CC2679119C0039D20B /* Debug */,
				A75345CD2679119C0039D20B /* Release */,
			);
			defaultConfigurationIsVisible = 0;
			defaultConfigurationName = Release;
		};
/* End XCConfigurationList section */
	};
	rootObject = A75345AF2679119A0039D20B /* Project object */;
}
